// !$*UTF8*$!
{
	archiveVersion = 1;
	classes = {
	};
	objectVersion = 77;
	objects = {

/* Begin PBXBuildFile section */
		3CA1000E79349EB0C0154793 /* Pods_ibiHomeProject_ibiHomeProjectUITests.framework in Frameworks */ = {isa = PBXBuildFile; fileRef = 346B10106B54BFDA32457509 /* Pods_ibiHomeProject_ibiHomeProjectUITests.framework */; };
		43DC6D82D411D328F7A07BFC /* Pods_ibiHomeProjectTests.framework in Frameworks */ = {isa = PBXBuildFile; fileRef = 69EDDFBC6A9108D1CED9DC9A /* Pods_ibiHomeProjectTests.framework */; };
		A1630C9EC61E2B390FB3D3FE /* Pods_ibiHomeProject.framework in Frameworks */ = {isa = PBXBuildFile; fileRef = 28FC01BD43DAEF8C18B0641A /* Pods_ibiHomeProject.framework */; };
/* End PBXBuildFile section */

/* Begin PBXContainerItemProxy section */
		CA2C1B662D685552003CEC8F /* PBXContainerItemProxy */ = {
			isa = PBXContainerItemProxy;
			containerPortal = CA2C1B472D685551003CEC8F /* Project object */;
			proxyType = 1;
			remoteGlobalIDString = CA2C1B4E2D685551003CEC8F;
			remoteInfo = ibiHomeProject;
		};
		CA2C1B702D685552003CEC8F /* PBXContainerItemProxy */ = {
			isa = PBXContainerItemProxy;
			containerPortal = CA2C1B472D685551003CEC8F /* Project object */;
			proxyType = 1;
			remoteGlobalIDString = CA2C1B4E2D685551003CEC8F;
			remoteInfo = ibiHomeProject;
		};
/* End PBXContainerItemProxy section */

/* Begin PBXFileReference section */
		28FC01BD43DAEF8C18B0641A /* Pods_ibiHomeProject.framework */ = {isa = PBXFileReference; explicitFileType = wrapper.framework; includeInIndex = 0; path = Pods_ibiHomeProject.framework; sourceTree = BUILT_PRODUCTS_DIR; };
		29FFC472F12D2377C9EA28ED /* Pods-ibiHomeProject-ibiHomeProjectUITests.debug.xcconfig */ = {isa = PBXFileReference; includeInIndex = 1; lastKnownFileType = text.xcconfig; name = "Pods-ibiHomeProject-ibiHomeProjectUITests.debug.xcconfig"; path = "Target Support Files/Pods-ibiHomeProject-ibiHomeProjectUITests/Pods-ibiHomeProject-ibiHomeProjectUITests.debug.xcconfig"; sourceTree = "<group>"; };
		346B10106B54BFDA32457509 /* Pods_ibiHomeProject_ibiHomeProjectUITests.framework */ = {isa = PBXFileReference; explicitFileType = wrapper.framework; includeInIndex = 0; path = Pods_ibiHomeProject_ibiHomeProjectUITests.framework; sourceTree = BUILT_PRODUCTS_DIR; };
		34CB0525D8D232EF670E6A6E /* Pods-ibiHomeProject.debug.xcconfig */ = {isa = PBXFileReference; includeInIndex = 1; lastKnownFileType = text.xcconfig; name = "Pods-ibiHomeProject.debug.xcconfig"; path = "Target Support Files/Pods-ibiHomeProject/Pods-ibiHomeProject.debug.xcconfig"; sourceTree = "<group>"; };
		57D92F12DD4AC45653FA8696 /* Pods-ibiHomeProjectTests.release.xcconfig */ = {isa = PBXFileReference; includeInIndex = 1; lastKnownFileType = text.xcconfig; name = "Pods-ibiHomeProjectTests.release.xcconfig"; path = "Target Support Files/Pods-ibiHomeProjectTests/Pods-ibiHomeProjectTests.release.xcconfig"; sourceTree = "<group>"; };
		69EDDFBC6A9108D1CED9DC9A /* Pods_ibiHomeProjectTests.framework */ = {isa = PBXFileReference; explicitFileType = wrapper.framework; includeInIndex = 0; path = Pods_ibiHomeProjectTests.framework; sourceTree = BUILT_PRODUCTS_DIR; };
		C462BB0B6DC9442165FE1B64 /* Pods-ibiHomeProject.release.xcconfig */ = {isa = PBXFileReference; includeInIndex = 1; lastKnownFileType = text.xcconfig; name = "Pods-ibiHomeProject.release.xcconfig"; path = "Target Support Files/Pods-ibiHomeProject/Pods-ibiHomeProject.release.xcconfig"; sourceTree = "<group>"; };
		CA2C1B4F2D685551003CEC8F /* ibiHomeProject.app */ = {isa = PBXFileReference; explicitFileType = wrapper.application; includeInIndex = 0; path = ibiHomeProject.app; sourceTree = BUILT_PRODUCTS_DIR; };
		CA2C1B652D685552003CEC8F /* ibiHomeProjectTests.xctest */ = {isa = PBXFileReference; explicitFileType = wrapper.cfbundle; includeInIndex = 0; path = ibiHomeProjectTests.xctest; sourceTree = BUILT_PRODUCTS_DIR; };
		CA2C1B6F2D685552003CEC8F /* ibiHomeProjectUITests.xctest */ = {isa = PBXFileReference; explicitFileType = wrapper.cfbundle; includeInIndex = 0; path = ibiHomeProjectUITests.xctest; sourceTree = BUILT_PRODUCTS_DIR; };
		E46F2D76696558D5701308E7 /* Pods-ibiHomeProjectTests.debug.xcconfig */ = {isa = PBXFileReference; includeInIndex = 1; lastKnownFileType = text.xcconfig; name = "Pods-ibiHomeProjectTests.debug.xcconfig"; path = "Target Support Files/Pods-ibiHomeProjectTests/Pods-ibiHomeProjectTests.debug.xcconfig"; sourceTree = "<group>"; };
		FF1ECDF0DE800FC86F90EABA /* Pods-ibiHomeProject-ibiHomeProjectUITests.release.xcconfig */ = {isa = PBXFileReference; includeInIndex = 1; lastKnownFileType = text.xcconfig; name = "Pods-ibiHomeProject-ibiHomeProjectUITests.release.xcconfig"; path = "Target Support Files/Pods-ibiHomeProject-ibiHomeProjectUITests/Pods-ibiHomeProject-ibiHomeProjectUITests.release.xcconfig"; sourceTree = "<group>"; };
/* End PBXFileReference section */

/* Begin PBXFileSystemSynchronizedBuildFileExceptionSet section */
		CA2C1B772D685552003CEC8F /* Exceptions for "ibiHomeProject" folder in "ibiHomeProject" target */ = {
			isa = PBXFileSystemSynchronizedBuildFileExceptionSet;
			membershipExceptions = (
				Info.plist,
			);
			target = CA2C1B4E2D685551003CEC8F /* ibiHomeProject */;
		};
/* End PBXFileSystemSynchronizedBuildFileExceptionSet section */

/* Begin PBXFileSystemSynchronizedRootGroup section */
		CA2C1B512D685551003CEC8F /* ibiHomeProject */ = {
			isa = PBXFileSystemSynchronizedRootGroup;
			exceptions = (
				CA2C1B772D685552003CEC8F /* Exceptions for "ibiHomeProject" folder in "ibiHomeProject" target */,
			);
			path = ibiHomeProject;
			sourceTree = "<group>";
		};
		CA2C1B682D685552003CEC8F /* ibiHomeProjectTests */ = {
			isa = PBXFileSystemSynchronizedRootGroup;
			path = ibiHomeProjectTests;
			sourceTree = "<group>";
		};
		CA2C1B722D685552003CEC8F /* ibiHomeProjectUITests */ = {
			isa = PBXFileSystemSynchronizedRootGroup;
			path = ibiHomeProjectUITests;
			sourceTree = "<group>";
		};
/* End PBXFileSystemSynchronizedRootGroup section */

/* Begin PBXFrameworksBuildPhase section */
		CA2C1B4C2D685551003CEC8F /* Frameworks */ = {
			isa = PBXFrameworksBuildPhase;
			buildActionMask = 2147483647;
			files = (
				A1630C9EC61E2B390FB3D3FE /* Pods_ibiHomeProject.framework in Frameworks */,
			);
			runOnlyForDeploymentPostprocessing = 0;
		};
		CA2C1B622D685552003CEC8F /* Frameworks */ = {
			isa = PBXFrameworksBuildPhase;
			buildActionMask = 2147483647;
			files = (
				43DC6D82D411D328F7A07BFC /* Pods_ibiHomeProjectTests.framework in Frameworks */,
			);
			runOnlyForDeploymentPostprocessing = 0;
		};
		CA2C1B6C2D685552003CEC8F /* Frameworks */ = {
			isa = PBXFrameworksBuildPhase;
			buildActionMask = 2147483647;
			files = (
				3CA1000E79349EB0C0154793 /* Pods_ibiHomeProject_ibiHomeProjectUITests.framework in Frameworks */,
			);
			runOnlyForDeploymentPostprocessing = 0;
		};
/* End PBXFrameworksBuildPhase section */

/* Begin PBXGroup section */
		3853FED2CF8E3769945E860E /* Pods */ = {
			isa = PBXGroup;
			children = (
				34CB0525D8D232EF670E6A6E /* Pods-ibiHomeProject.debug.xcconfig */,
				C462BB0B6DC9442165FE1B64 /* Pods-ibiHomeProject.release.xcconfig */,
				29FFC472F12D2377C9EA28ED /* Pods-ibiHomeProject-ibiHomeProjectUITests.debug.xcconfig */,
				FF1ECDF0DE800FC86F90EABA /* Pods-ibiHomeProject-ibiHomeProjectUITests.release.xcconfig */,
				E46F2D76696558D5701308E7 /* Pods-ibiHomeProjectTests.debug.xcconfig */,
				57D92F12DD4AC45653FA8696 /* Pods-ibiHomeProjectTests.release.xcconfig */,
			);
			path = Pods;
			sourceTree = "<group>";
		};
		CA2C1B462D685551003CEC8F = {
			isa = PBXGroup;
			children = (
				CA2C1B512D685551003CEC8F /* ibiHomeProject */,
				CA2C1B682D685552003CEC8F /* ibiHomeProjectTests */,
				CA2C1B722D685552003CEC8F /* ibiHomeProjectUITests */,
				CA2C1B502D685551003CEC8F /* Products */,
				3853FED2CF8E3769945E860E /* Pods */,
				EE73296F04ABA79A262DA621 /* Frameworks */,
			);
			sourceTree = "<group>";
		};
		CA2C1B502D685551003CEC8F /* Products */ = {
			isa = PBXGroup;
			children = (
				CA2C1B4F2D685551003CEC8F /* ibiHomeProject.app */,
				CA2C1B652D685552003CEC8F /* ibiHomeProjectTests.xctest */,
				CA2C1B6F2D685552003CEC8F /* ibiHomeProjectUITests.xctest */,
			);
			name = Products;
			sourceTree = "<group>";
		};
		EE73296F04ABA79A262DA621 /* Frameworks */ = {
			isa = PBXGroup;
			children = (
				28FC01BD43DAEF8C18B0641A /* Pods_ibiHomeProject.framework */,
				346B10106B54BFDA32457509 /* Pods_ibiHomeProject_ibiHomeProjectUITests.framework */,
				69EDDFBC6A9108D1CED9DC9A /* Pods_ibiHomeProjectTests.framework */,
			);
			name = Frameworks;
			sourceTree = "<group>";
		};
/* End PBXGroup section */

/* Begin PBXNativeTarget section */
		CA2C1B4E2D685551003CEC8F /* ibiHomeProject */ = {
			isa = PBXNativeTarget;
			buildConfigurationList = CA2C1B782D685552003CEC8F /* Build configuration list for PBXNativeTarget "ibiHomeProject" */;
			buildPhases = (
				A25B13EDEF2630DE269D82E8 /* [CP] Check Pods Manifest.lock */,
				CA2C1B4B2D685551003CEC8F /* Sources */,
				CA2C1B4C2D685551003CEC8F /* Frameworks */,
				CA2C1B4D2D685551003CEC8F /* Resources */,
				021717D9FCA33BEBDC88BFCF /* [CP] Embed Pods Frameworks */,
			);
			buildRules = (
			);
			dependencies = (
			);
			fileSystemSynchronizedGroups = (
				CA2C1B512D685551003CEC8F /* ibiHomeProject */,
			);
			name = ibiHomeProject;
			productName = ibiHomeProject;
			productReference = CA2C1B4F2D685551003CEC8F /* ibiHomeProject.app */;
			productType = "com.apple.product-type.application";
		};
		CA2C1B642D685552003CEC8F /* ibiHomeProjectTests */ = {
			isa = PBXNativeTarget;
			buildConfigurationList = CA2C1B7D2D685552003CEC8F /* Build configuration list for PBXNativeTarget "ibiHomeProjectTests" */;
			buildPhases = (
				DA388FC92E2E9A7809B8131B /* [CP] Check Pods Manifest.lock */,
				CA2C1B612D685552003CEC8F /* Sources */,
				CA2C1B622D685552003CEC8F /* Frameworks */,
				CA2C1B632D685552003CEC8F /* Resources */,
			);
			buildRules = (
			);
			dependencies = (
				CA2C1B672D685552003CEC8F /* PBXTargetDependency */,
			);
			fileSystemSynchronizedGroups = (
				CA2C1B682D685552003CEC8F /* ibiHomeProjectTests */,
			);
			name = ibiHomeProjectTests;
			productName = ibiHomeProjectTests;
			productReference = CA2C1B652D685552003CEC8F /* ibiHomeProjectTests.xctest */;
			productType = "com.apple.product-type.bundle.unit-test";
		};
		CA2C1B6E2D685552003CEC8F /* ibiHomeProjectUITests */ = {
			isa = PBXNativeTarget;
			buildConfigurationList = CA2C1B802D685552003CEC8F /* Build configuration list for PBXNativeTarget "ibiHomeProjectUITests" */;
			buildPhases = (
				D1624FBE940CC3CF71A15E90 /* [CP] Check Pods Manifest.lock */,
				CA2C1B6B2D685552003CEC8F /* Sources */,
				CA2C1B6C2D685552003CEC8F /* Frameworks */,
				CA2C1B6D2D685552003CEC8F /* Resources */,
				27C6F5E425E71BD65FDD23F5 /* [CP] Embed Pods Frameworks */,
			);
			buildRules = (
			);
			dependencies = (
				CA2C1B712D685552003CEC8F /* PBXTargetDependency */,
			);
			fileSystemSynchronizedGroups = (
				CA2C1B722D685552003CEC8F /* ibiHomeProjectUITests */,
			);
			name = ibiHomeProjectUITests;
			productName = ibiHomeProjectUITests;
			productReference = CA2C1B6F2D685552003CEC8F /* ibiHomeProjectUITests.xctest */;
			productType = "com.apple.product-type.bundle.ui-testing";
		};
/* End PBXNativeTarget section */

/* Begin PBXProject section */
		CA2C1B472D685551003CEC8F /* Project object */ = {
			isa = PBXProject;
			attributes = {
				BuildIndependentTargetsInParallel = 1;
				LastSwiftUpdateCheck = 1620;
				LastUpgradeCheck = 1620;
				TargetAttributes = {
					CA2C1B4E2D685551003CEC8F = {
						CreatedOnToolsVersion = 16.2;
					};
					CA2C1B642D685552003CEC8F = {
						CreatedOnToolsVersion = 16.2;
						TestTargetID = CA2C1B4E2D685551003CEC8F;
					};
					CA2C1B6E2D685552003CEC8F = {
						CreatedOnToolsVersion = 16.2;
						TestTargetID = CA2C1B4E2D685551003CEC8F;
					};
				};
			};
			buildConfigurationList = CA2C1B4A2D685551003CEC8F /* Build configuration list for PBXProject "ibiHomeProject" */;
			developmentRegion = en;
			hasScannedForEncodings = 0;
			knownRegions = (
				en,
				Base,
			);
			mainGroup = CA2C1B462D685551003CEC8F;
			minimizedProjectReferenceProxies = 1;
			preferredProjectObjectVersion = 77;
			productRefGroup = CA2C1B502D685551003CEC8F /* Products */;
			projectDirPath = "";
			projectRoot = "";
			targets = (
				CA2C1B4E2D685551003CEC8F /* ibiHomeProject */,
				CA2C1B642D685552003CEC8F /* ibiHomeProjectTests */,
				CA2C1B6E2D685552003CEC8F /* ibiHomeProjectUITests */,
			);
		};
/* End PBXProject section */

/* Begin PBXResourcesBuildPhase section */
		CA2C1B4D2D685551003CEC8F /* Resources */ = {
			isa = PBXResourcesBuildPhase;
			buildActionMask = 2147483647;
			files = (
			);
			runOnlyForDeploymentPostprocessing = 0;
		};
		CA2C1B632D685552003CEC8F /* Resources */ = {
			isa = PBXResourcesBuildPhase;
			buildActionMask = 2147483647;
			files = (
			);
			runOnlyForDeploymentPostprocessing = 0;
		};
		CA2C1B6D2D685552003CEC8F /* Resources */ = {
			isa = PBXResourcesBuildPhase;
			buildActionMask = 2147483647;
			files = (
			);
			runOnlyForDeploymentPostprocessing = 0;
		};
/* End PBXResourcesBuildPhase section */

/* Begin PBXShellScriptBuildPhase section */
		021717D9FCA33BEBDC88BFCF /* [CP] Embed Pods Frameworks */ = {
			isa = PBXShellScriptBuildPhase;
			buildActionMask = 2147483647;
			files = (
			);
			inputFileListPaths = (
				"${PODS_ROOT}/Target Support Files/Pods-ibiHomeProject/Pods-ibiHomeProject-frameworks-${CONFIGURATION}-input-files.xcfilelist",
			);
			name = "[CP] Embed Pods Frameworks";
			outputFileListPaths = (
				"${PODS_ROOT}/Target Support Files/Pods-ibiHomeProject/Pods-ibiHomeProject-frameworks-${CONFIGURATION}-output-files.xcfilelist",
			);
			runOnlyForDeploymentPostprocessing = 0;
			shellPath = /bin/sh;
			shellScript = "\"${PODS_ROOT}/Target Support Files/Pods-ibiHomeProject/Pods-ibiHomeProject-frameworks.sh\"\n";
			showEnvVarsInLog = 0;
		};
		27C6F5E425E71BD65FDD23F5 /* [CP] Embed Pods Frameworks */ = {
			isa = PBXShellScriptBuildPhase;
			buildActionMask = 2147483647;
			files = (
			);
			inputFileListPaths = (
				"${PODS_ROOT}/Target Support Files/Pods-ibiHomeProject-ibiHomeProjectUITests/Pods-ibiHomeProject-ibiHomeProjectUITests-frameworks-${CONFIGURATION}-input-files.xcfilelist",
			);
			name = "[CP] Embed Pods Frameworks";
			outputFileListPaths = (
				"${PODS_ROOT}/Target Support Files/Pods-ibiHomeProject-ibiHomeProjectUITests/Pods-ibiHomeProject-ibiHomeProjectUITests-frameworks-${CONFIGURATION}-output-files.xcfilelist",
			);
			runOnlyForDeploymentPostprocessing = 0;
			shellPath = /bin/sh;
			shellScript = "\"${PODS_ROOT}/Target Support Files/Pods-ibiHomeProject-ibiHomeProjectUITests/Pods-ibiHomeProject-ibiHomeProjectUITests-frameworks.sh\"\n";
			showEnvVarsInLog = 0;
		};
		A25B13EDEF2630DE269D82E8 /* [CP] Check Pods Manifest.lock */ = {
			isa = PBXShellScriptBuildPhase;
			buildActionMask = 2147483647;
			files = (
			);
			inputFileListPaths = (
			);
			inputPaths = (
				"${PODS_PODFILE_DIR_PATH}/Podfile.lock",
				"${PODS_ROOT}/Manifest.lock",
			);
			name = "[CP] Check Pods Manifest.lock";
			outputFileListPaths = (
			);
			outputPaths = (
				"$(DERIVED_FILE_DIR)/Pods-ibiHomeProject-checkManifestLockResult.txt",
			);
			runOnlyForDeploymentPostprocessing = 0;
			shellPath = /bin/sh;
			shellScript = "diff \"${PODS_PODFILE_DIR_PATH}/Podfile.lock\" \"${PODS_ROOT}/Manifest.lock\" > /dev/null\nif [ $? != 0 ] ; then\n    # print error to STDERR\n    echo \"error: The sandbox is not in sync with the Podfile.lock. Run 'pod install' or update your CocoaPods installation.\" >&2\n    exit 1\nfi\n# This output is used by Xcode 'outputs' to avoid re-running this script phase.\necho \"SUCCESS\" > \"${SCRIPT_OUTPUT_FILE_0}\"\n";
			showEnvVarsInLog = 0;
		};
		D1624FBE940CC3CF71A15E90 /* [CP] Check Pods Manifest.lock */ = {
			isa = PBXShellScriptBuildPhase;
			buildActionMask = 2147483647;
			files = (
			);
			inputFileListPaths = (
			);
			inputPaths = (
				"${PODS_PODFILE_DIR_PATH}/Podfile.lock",
				"${PODS_ROOT}/Manifest.lock",
			);
			name = "[CP] Check Pods Manifest.lock";
			outputFileListPaths = (
			);
			outputPaths = (
				"$(DERIVED_FILE_DIR)/Pods-ibiHomeProject-ibiHomeProjectUITests-checkManifestLockResult.txt",
			);
			runOnlyForDeploymentPostprocessing = 0;
			shellPath = /bin/sh;
			shellScript = "diff \"${PODS_PODFILE_DIR_PATH}/Podfile.lock\" \"${PODS_ROOT}/Manifest.lock\" > /dev/null\nif [ $? != 0 ] ; then\n    # print error to STDERR\n    echo \"error: The sandbox is not in sync with the Podfile.lock. Run 'pod install' or update your CocoaPods installation.\" >&2\n    exit 1\nfi\n# This output is used by Xcode 'outputs' to avoid re-running this script phase.\necho \"SUCCESS\" > \"${SCRIPT_OUTPUT_FILE_0}\"\n";
			showEnvVarsInLog = 0;
		};
		DA388FC92E2E9A7809B8131B /* [CP] Check Pods Manifest.lock */ = {
			isa = PBXShellScriptBuildPhase;
			buildActionMask = 2147483647;
			files = (
			);
			inputFileListPaths = (
			);
			inputPaths = (
				"${PODS_PODFILE_DIR_PATH}/Podfile.lock",
				"${PODS_ROOT}/Manifest.lock",
			);
			name = "[CP] Check Pods Manifest.lock";
			outputFileListPaths = (
			);
			outputPaths = (
				"$(DERIVED_FILE_DIR)/Pods-ibiHomeProjectTests-checkManifestLockResult.txt",
			);
			runOnlyForDeploymentPostprocessing = 0;
			shellPath = /bin/sh;
			shellScript = "diff \"${PODS_PODFILE_DIR_PATH}/Podfile.lock\" \"${PODS_ROOT}/Manifest.lock\" > /dev/null\nif [ $? != 0 ] ; then\n    # print error to STDERR\n    echo \"error: The sandbox is not in sync with the Podfile.lock. Run 'pod install' or update your CocoaPods installation.\" >&2\n    exit 1\nfi\n# This output is used by Xcode 'outputs' to avoid re-running this script phase.\necho \"SUCCESS\" > \"${SCRIPT_OUTPUT_FILE_0}\"\n";
			showEnvVarsInLog = 0;
		};
/* End PBXShellScriptBuildPhase section */

/* Begin PBXSourcesBuildPhase section */
		CA2C1B4B2D685551003CEC8F /* Sources */ = {
			isa = PBXSourcesBuildPhase;
			buildActionMask = 2147483647;
			files = (
			);
			runOnlyForDeploymentPostprocessing = 0;
		};
		CA2C1B612D685552003CEC8F /* Sources */ = {
			isa = PBXSourcesBuildPhase;
			buildActionMask = 2147483647;
			files = (
			);
			runOnlyForDeploymentPostprocessing = 0;
		};
		CA2C1B6B2D685552003CEC8F /* Sources */ = {
			isa = PBXSourcesBuildPhase;
			buildActionMask = 2147483647;
			files = (
			);
			runOnlyForDeploymentPostprocessing = 0;
		};
/* End PBXSourcesBuildPhase section */

/* Begin PBXTargetDependency section */
		CA2C1B672D685552003CEC8F /* PBXTargetDependency */ = {
			isa = PBXTargetDependency;
			target = CA2C1B4E2D685551003CEC8F /* ibiHomeProject */;
			targetProxy = CA2C1B662D685552003CEC8F /* PBXContainerItemProxy */;
		};
		CA2C1B712D685552003CEC8F /* PBXTargetDependency */ = {
			isa = PBXTargetDependency;
			target = CA2C1B4E2D685551003CEC8F /* ibiHomeProject */;
			targetProxy = CA2C1B702D685552003CEC8F /* PBXContainerItemProxy */;
		};
/* End PBXTargetDependency section */

/* Begin XCBuildConfiguration section */
		CA2C1B792D685552003CEC8F /* Debug */ = {
			isa = XCBuildConfiguration;
			baseConfigurationReference = 34CB0525D8D232EF670E6A6E /* Pods-ibiHomeProject.debug.xcconfig */;
			buildSettings = {
				ASSETCATALOG_COMPILER_APPICON_NAME = AppIcon;
				ASSETCATALOG_COMPILER_GLOBAL_ACCENT_COLOR_NAME = AccentColor;
				CODE_SIGN_STYLE = Automatic;
				CURRENT_PROJECT_VERSION = 1;
				DEVELOPMENT_TEAM = N5KK6475ZS;
				ENABLE_USER_SCRIPT_SANDBOXING = NO;
				GENERATE_INFOPLIST_FILE = YES;
				INFOPLIST_FILE = ibiHomeProject/Info.plist;
				INFOPLIST_KEY_NSFaceIDUsageDescription = "We use Face ID to authenticate you quickly and securely";
				INFOPLIST_KEY_UIApplicationSupportsIndirectInputEvents = YES;
				INFOPLIST_KEY_UILaunchStoryboardName = LaunchScreen;
				INFOPLIST_KEY_UIMainStoryboardFile = Auth;
				INFOPLIST_KEY_UISupportedInterfaceOrientations = UIInterfaceOrientationPortrait;
				INFOPLIST_KEY_UISupportedInterfaceOrientations_iPad = "UIInterfaceOrientationLandscapeLeft UIInterfaceOrientationLandscapeRight";
				LD_RUNPATH_SEARCH_PATHS = (
					"$(inherited)",
					"@executable_path/Frameworks",
				);
				MARKETING_VERSION = 1.0;
				PRODUCT_BUNDLE_IDENTIFIER = com.yetzira.ibiHomeProject;
				PRODUCT_NAME = "$(TARGET_NAME)";
				SUPPORTED_PLATFORMS = "iphoneos iphonesimulator";
				SUPPORTS_MACCATALYST = NO;
				SUPPORTS_MAC_DESIGNED_FOR_IPHONE_IPAD = NO;
				SUPPORTS_XR_DESIGNED_FOR_IPHONE_IPAD = NO;
				SWIFT_EMIT_LOC_STRINGS = YES;
				SWIFT_VERSION = 5.0;
				TARGETED_DEVICE_FAMILY = 1;
			};
			name = Debug;
		};
		CA2C1B7A2D685552003CEC8F /* Release */ = {
			isa = XCBuildConfiguration;
			baseConfigurationReference = C462BB0B6DC9442165FE1B64 /* Pods-ibiHomeProject.release.xcconfig */;
			buildSettings = {
				ASSETCATALOG_COMPILER_APPICON_NAME = AppIcon;
				ASSETCATALOG_COMPILER_GLOBAL_ACCENT_COLOR_NAME = AccentColor;
				CODE_SIGN_STYLE = Automatic;
				CURRENT_PROJECT_VERSION = 1;
				DEVELOPMENT_TEAM = N5KK6475ZS;
				ENABLE_USER_SCRIPT_SANDBOXING = NO;
				GENERATE_INFOPLIST_FILE = YES;
				INFOPLIST_FILE = ibiHomeProject/Info.plist;
				INFOPLIST_KEY_NSFaceIDUsageDescription = "We use Face ID to authenticate you quickly and securely";
				INFOPLIST_KEY_UIApplicationSupportsIndirectInputEvents = YES;
				INFOPLIST_KEY_UILaunchStoryboardName = LaunchScreen;
				INFOPLIST_KEY_UIMainStoryboardFile = Auth;
				INFOPLIST_KEY_UISupportedInterfaceOrientations = UIInterfaceOrientationPortrait;
				INFOPLIST_KEY_UISupportedInterfaceOrientations_iPad = "UIInterfaceOrientationLandscapeLeft UIInterfaceOrientationLandscapeRight";
				LD_RUNPATH_SEARCH_PATHS = (
					"$(inherited)",
					"@executable_path/Frameworks",
				);
				MARKETING_VERSION = 1.0;
				PRODUCT_BUNDLE_IDENTIFIER = com.yetzira.ibiHomeProject;
				PRODUCT_NAME = "$(TARGET_NAME)";
				SUPPORTED_PLATFORMS = "iphoneos iphonesimulator";
				SUPPORTS_MACCATALYST = NO;
				SUPPORTS_MAC_DESIGNED_FOR_IPHONE_IPAD = NO;
				SUPPORTS_XR_DESIGNED_FOR_IPHONE_IPAD = NO;
				SWIFT_EMIT_LOC_STRINGS = YES;
				SWIFT_VERSION = 5.0;
				TARGETED_DEVICE_FAMILY = 1;
			};
			name = Release;
		};
		CA2C1B7B2D685552003CEC8F /* Debug */ = {
			isa = XCBuildConfiguration;
			buildSettings = {
				ALWAYS_SEARCH_USER_PATHS = NO;
				ASSETCATALOG_COMPILER_GENERATE_SWIFT_ASSET_SYMBOL_EXTENSIONS = YES;
				CLANG_ANALYZER_NONNULL = YES;
				CLANG_ANALYZER_NUMBER_OBJECT_CONVERSION = YES_AGGRESSIVE;
				CLANG_CXX_LANGUAGE_STANDARD = "gnu++20";
				CLANG_ENABLE_MODULES = YES;
				CLANG_ENABLE_OBJC_ARC = YES;
				CLANG_ENABLE_OBJC_WEAK = YES;
				CLANG_WARN_BLOCK_CAPTURE_AUTORELEASING = YES;
				CLANG_WARN_BOOL_CONVERSION = YES;
				CLANG_WARN_COMMA = YES;
				CLANG_WARN_CONSTANT_CONVERSION = YES;
				CLANG_WARN_DEPRECATED_OBJC_IMPLEMENTATIONS = YES;
				CLANG_WARN_DIRECT_OBJC_ISA_USAGE = YES_ERROR;
				CLANG_WARN_DOCUMENTATION_COMMENTS = YES;
				CLANG_WARN_EMPTY_BODY = YES;
				CLANG_WARN_ENUM_CONVERSION = YES;
				CLANG_WARN_INFINITE_RECURSION = YES;
				CLANG_WARN_INT_CONVERSION = YES;
				CLANG_WARN_NON_LITERAL_NULL_CONVERSION = YES;
				CLANG_WARN_OBJC_IMPLICIT_RETAIN_SELF = YES;
				CLANG_WARN_OBJC_LITERAL_CONVERSION = YES;
				CLANG_WARN_OBJC_ROOT_CLASS = YES_ERROR;
				CLANG_WARN_QUOTED_INCLUDE_IN_FRAMEWORK_HEADER = YES;
				CLANG_WARN_RANGE_LOOP_ANALYSIS = YES;
				CLANG_WARN_STRICT_PROTOTYPES = YES;
				CLANG_WARN_SUSPICIOUS_MOVE = YES;
				CLANG_WARN_UNGUARDED_AVAILABILITY = YES_AGGRESSIVE;
				CLANG_WARN_UNREACHABLE_CODE = YES;
				CLANG_WARN__DUPLICATE_METHOD_MATCH = YES;
				COPY_PHASE_STRIP = NO;
				DEBUG_INFORMATION_FORMAT = dwarf;
				ENABLE_STRICT_OBJC_MSGSEND = YES;
				ENABLE_TESTABILITY = YES;
				ENABLE_USER_SCRIPT_SANDBOXING = YES;
				GCC_C_LANGUAGE_STANDARD = gnu17;
				GCC_DYNAMIC_NO_PIC = NO;
				GCC_NO_COMMON_BLOCKS = YES;
				GCC_OPTIMIZATION_LEVEL = 0;
				GCC_PREPROCESSOR_DEFINITIONS = (
					"DEBUG=1",
					"$(inherited)",
				);
				GCC_WARN_64_TO_32_BIT_CONVERSION = YES;
				GCC_WARN_ABOUT_RETURN_TYPE = YES_ERROR;
				GCC_WARN_UNDECLARED_SELECTOR = YES;
				GCC_WARN_UNINITIALIZED_AUTOS = YES_AGGRESSIVE;
				GCC_WARN_UNUSED_FUNCTION = YES;
				GCC_WARN_UNUSED_VARIABLE = YES;
				IPHONEOS_DEPLOYMENT_TARGET = 18.2;
				LOCALIZATION_PREFERS_STRING_CATALOGS = YES;
				MTL_ENABLE_DEBUG_INFO = INCLUDE_SOURCE;
				MTL_FAST_MATH = YES;
				ONLY_ACTIVE_ARCH = YES;
				SDKROOT = iphoneos;
				SWIFT_ACTIVE_COMPILATION_CONDITIONS = "DEBUG $(inherited)";
				SWIFT_OPTIMIZATION_LEVEL = "-Onone";
			};
			name = Debug;
		};
		CA2C1B7C2D685552003CEC8F /* Release */ = {
			isa = XCBuildConfiguration;
			buildSettings = {
				ALWAYS_SEARCH_USER_PATHS = NO;
				ASSETCATALOG_COMPILER_GENERATE_SWIFT_ASSET_SYMBOL_EXTENSIONS = YES;
				CLANG_ANALYZER_NONNULL = YES;
				CLANG_ANALYZER_NUMBER_OBJECT_CONVERSION = YES_AGGRESSIVE;
				CLANG_CXX_LANGUAGE_STANDARD = "gnu++20";
				CLANG_ENABLE_MODULES = YES;
				CLANG_ENABLE_OBJC_ARC = YES;
				CLANG_ENABLE_OBJC_WEAK = YES;
				CLANG_WARN_BLOCK_CAPTURE_AUTORELEASING = YES;
				CLANG_WARN_BOOL_CONVERSION = YES;
				CLANG_WARN_COMMA = YES;
				CLANG_WARN_CONSTANT_CONVERSION = YES;
				CLANG_WARN_DEPRECATED_OBJC_IMPLEMENTATIONS = YES;
				CLANG_WARN_DIRECT_OBJC_ISA_USAGE = YES_ERROR;
				CLANG_WARN_DOCUMENTATION_COMMENTS = YES;
				CLANG_WARN_EMPTY_BODY = YES;
				CLANG_WARN_ENUM_CONVERSION = YES;
				CLANG_WARN_INFINITE_RECURSION = YES;
				CLANG_WARN_INT_CONVERSION = YES;
				CLANG_WARN_NON_LITERAL_NULL_CONVERSION = YES;
				CLANG_WARN_OBJC_IMPLICIT_RETAIN_SELF = YES;
				CLANG_WARN_OBJC_LITERAL_CONVERSION = YES;
				CLANG_WARN_OBJC_ROOT_CLASS = YES_ERROR;
				CLANG_WARN_QUOTED_INCLUDE_IN_FRAMEWORK_HEADER = YES;
				CLANG_WARN_RANGE_LOOP_ANALYSIS = YES;
				CLANG_WARN_STRICT_PROTOTYPES = YES;
				CLANG_WARN_SUSPICIOUS_MOVE = YES;
				CLANG_WARN_UNGUARDED_AVAILABILITY = YES_AGGRESSIVE;
				CLANG_WARN_UNREACHABLE_CODE = YES;
				CLANG_WARN__DUPLICATE_METHOD_MATCH = YES;
				COPY_PHASE_STRIP = NO;
				DEBUG_INFORMATION_FORMAT = "dwarf-with-dsym";
				ENABLE_NS_ASSERTIONS = NO;
				ENABLE_STRICT_OBJC_MSGSEND = YES;
				ENABLE_USER_SCRIPT_SANDBOXING = YES;
				GCC_C_LANGUAGE_STANDARD = gnu17;
				GCC_NO_COMMON_BLOCKS = YES;
				GCC_WARN_64_TO_32_BIT_CONVERSION = YES;
				GCC_WARN_ABOUT_RETURN_TYPE = YES_ERROR;
				GCC_WARN_UNDECLARED_SELECTOR = YES;
				GCC_WARN_UNINITIALIZED_AUTOS = YES_AGGRESSIVE;
				GCC_WARN_UNUSED_FUNCTION = YES;
				GCC_WARN_UNUSED_VARIABLE = YES;
				IPHONEOS_DEPLOYMENT_TARGET = 18.2;
				LOCALIZATION_PREFERS_STRING_CATALOGS = YES;
				MTL_ENABLE_DEBUG_INFO = NO;
				MTL_FAST_MATH = YES;
				SDKROOT = iphoneos;
				SWIFT_COMPILATION_MODE = wholemodule;
				VALIDATE_PRODUCT = YES;
			};
			name = Release;
		};
		CA2C1B7E2D685552003CEC8F /* Debug */ = {
			isa = XCBuildConfiguration;
			baseConfigurationReference = E46F2D76696558D5701308E7 /* Pods-ibiHomeProjectTests.debug.xcconfig */;
			buildSettings = {
				BUNDLE_LOADER = "$(TEST_HOST)";
				CODE_SIGN_STYLE = Automatic;
				CURRENT_PROJECT_VERSION = 1;
				DEVELOPMENT_TEAM = N5KK6475ZS;
				GENERATE_INFOPLIST_FILE = YES;
				IPHONEOS_DEPLOYMENT_TARGET = 18.2;
				MARKETING_VERSION = 1.0;
				PRODUCT_BUNDLE_IDENTIFIER = com.yetzira.ibiHomeProjectTests;
				PRODUCT_NAME = "$(TARGET_NAME)";
				SWIFT_EMIT_LOC_STRINGS = NO;
				SWIFT_VERSION = 5.0;
				TARGETED_DEVICE_FAMILY = "1,2";
				TEST_HOST = "$(BUILT_PRODUCTS_DIR)/ibiHomeProject.app/$(BUNDLE_EXECUTABLE_FOLDER_PATH)/ibiHomeProject";
			};
			name = Debug;
		};
		CA2C1B7F2D685552003CEC8F /* Release */ = {
			isa = XCBuildConfiguration;
			baseConfigurationReference = 57D92F12DD4AC45653FA8696 /* Pods-ibiHomeProjectTests.release.xcconfig */;
			buildSettings = {
				BUNDLE_LOADER = "$(TEST_HOST)";
				CODE_SIGN_STYLE = Automatic;
				CURRENT_PROJECT_VERSION = 1;
				DEVELOPMENT_TEAM = N5KK6475ZS;
				GENERATE_INFOPLIST_FILE = YES;
				IPHONEOS_DEPLOYMENT_TARGET = 18.2;
				MARKETING_VERSION = 1.0;
				PRODUCT_BUNDLE_IDENTIFIER = com.yetzira.ibiHomeProjectTests;
				PRODUCT_NAME = "$(TARGET_NAME)";
				SWIFT_EMIT_LOC_STRINGS = NO;
				SWIFT_VERSION = 5.0;
				TARGETED_DEVICE_FAMILY = "1,2";
				TEST_HOST = "$(BUILT_PRODUCTS_DIR)/ibiHomeProject.app/$(BUNDLE_EXECUTABLE_FOLDER_PATH)/ibiHomeProject";
			};
			name = Release;
		};
		CA2C1B812D685552003CEC8F /* Debug */ = {
			isa = XCBuildConfiguration;
			baseConfigurationReference = 29FFC472F12D2377C9EA28ED /* Pods-ibiHomeProject-ibiHomeProjectUITests.debug.xcconfig */;
			buildSettings = {
				CODE_SIGN_STYLE = Automatic;
				CURRENT_PROJECT_VERSION = 1;
				DEVELOPMENT_TEAM = N5KK6475ZS;
				GENERATE_INFOPLIST_FILE = YES;
				MARKETING_VERSION = 1.0;
				PRODUCT_BUNDLE_IDENTIFIER = com.yetzira.ibiHomeProjectUITests;
				PRODUCT_NAME = "$(TARGET_NAME)";
				SWIFT_EMIT_LOC_STRINGS = NO;
				SWIFT_VERSION = 5.0;
				TARGETED_DEVICE_FAMILY = "1,2";
				TEST_TARGET_NAME = ibiHomeProject;
			};
			name = Debug;
		};
		CA2C1B822D685552003CEC8F /* Release */ = {
			isa = XCBuildConfiguration;
			baseConfigurationReference = FF1ECDF0DE800FC86F90EABA /* Pods-ibiHomeProject-ibiHomeProjectUITests.release.xcconfig */;
			buildSettings = {
				CODE_SIGN_STYLE = Automatic;
				CURRENT_PROJECT_VERSION = 1;
				DEVELOPMENT_TEAM = N5KK6475ZS;
				GENERATE_INFOPLIST_FILE = YES;
				MARKETING_VERSION = 1.0;
				PRODUCT_BUNDLE_IDENTIFIER = com.yetzira.ibiHomeProjectUITests;
				PRODUCT_NAME = "$(TARGET_NAME)";
				SWIFT_EMIT_LOC_STRINGS = NO;
				SWIFT_VERSION = 5.0;
				TARGETED_DEVICE_FAMILY = "1,2";
				TEST_TARGET_NAME = ibiHomeProject;
			};
			name = Release;
		};
/* End XCBuildConfiguration section */

/* Begin XCConfigurationList section */
		CA2C1B4A2D685551003CEC8F /* Build configuration list for PBXProject "ibiHomeProject" */ = {
			isa = XCConfigurationList;
			buildConfigurations = (
				CA2C1B7B2D685552003CEC8F /* Debug */,
				CA2C1B7C2D685552003CEC8F /* Release */,
			);
			defaultConfigurationIsVisible = 0;
			defaultConfigurationName = Release;
		};
		CA2C1B782D685552003CEC8F /* Build configuration list for PBXNativeTarget "ibiHomeProject" */ = {
			isa = XCConfigurationList;
			buildConfigurations = (
				CA2C1B792D685552003CEC8F /* Debug */,
				CA2C1B7A2D685552003CEC8F /* Release */,
			);
			defaultConfigurationIsVisible = 0;
			defaultConfigurationName = Release;
		};
		CA2C1B7D2D685552003CEC8F /* Build configuration list for PBXNativeTarget "ibiHomeProjectTests" */ = {
			isa = XCConfigurationList;
			buildConfigurations = (
				CA2C1B7E2D685552003CEC8F /* Debug */,
				CA2C1B7F2D685552003CEC8F /* Release */,
			);
			defaultConfigurationIsVisible = 0;
			defaultConfigurationName = Release;
		};
		CA2C1B802D685552003CEC8F /* Build configuration list for PBXNativeTarget "ibiHomeProjectUITests" */ = {
			isa = XCConfigurationList;
			buildConfigurations = (
				CA2C1B812D685552003CEC8F /* Debug */,
				CA2C1B822D685552003CEC8F /* Release */,
			);
			defaultConfigurationIsVisible = 0;
			defaultConfigurationName = Release;
		};
/* End XCConfigurationList section */
	};
	rootObject = CA2C1B472D685551003CEC8F /* Project object */;
}
